
Microsoft Visual Studio Solution File, Format Version 12.00
Project("{FAE04EC0-301F-11D3-BF4B-00C04F79EFBC}") = "Domain", "Domain\Domain.csproj", "{8F0D2656-FB0B-44D7-9437-F631679CCDAA}"
EndProject
Project("{FAE04EC0-301F-11D3-BF4B-00C04F79EFBC}") = "WebAPI", "WebAPI\WebAPI.csproj", "{DBD11F1C-9FAD-4489-8C79-04E547028210}"
EndProject
Project("{FAE04EC0-301F-11D3-BF4B-00C04F79EFBC}") = "Application", "Application\Application.csproj", "{4A28A857-4D2D-4677-8A9D-7E02496E4F41}"
EndProject
Project("{FAE04EC0-301F-11D3-BF4B-00C04F79EFBC}") = "FileData", "FileData\FileData.csproj", "{6D4165A2-759E-475A-B634-9E3BEE25CD80}"
EndProject
Global
	GlobalSection(SolutionConfigurationPlatforms) = preSolution
		Debug|Any CPU = Debug|Any CPU
		Release|Any CPU = Release|Any CPU
	EndGlobalSection
	GlobalSection(ProjectConfigurationPlatforms) = postSolution
		{8F0D2656-FB0B-44D7-9437-F631679CCDAA}.Debug|Any CPU.ActiveCfg = Debug|Any CPU
		{8F0D2656-FB0B-44D7-9437-F631679CCDAA}.Debug|Any CPU.Build.0 = Debug|Any CPU
		{8F0D2656-FB0B-44D7-9437-F631679CCDAA}.Release|Any CPU.ActiveCfg = Release|Any CPU
		{8F0D2656-FB0B-44D7-9437-F631679CCDAA}.Release|Any CPU.Build.0 = Release|Any CPU
		{DBD11F1C-9FAD-4489-8C79-04E547028210}.Debug|Any CPU.ActiveCfg = Debug|Any CPU
		{DBD11F1C-9FAD-4489-8C79-04E547028210}.Debug|Any CPU.Build.0 = Debug|Any CPU
		{DBD11F1C-9FAD-4489-8C79-04E547028210}.Release|Any CPU.ActiveCfg = Release|Any CPU
		{DBD11F1C-9FAD-4489-8C79-04E547028210}.Release|Any CPU.Build.0 = Release|Any CPU
		{4A28A857-4D2D-4677-8A9D-7E02496E4F41}.Debug|Any CPU.ActiveCfg = Debug|Any CPU
		{4A28A857-4D2D-4677-8A9D-7E02496E4F41}.Debug|Any CPU.Build.0 = Debug|Any CPU
		{4A28A857-4D2D-4677-8A9D-7E02496E4F41}.Release|Any CPU.ActiveCfg = Release|Any CPU
		{4A28A857-4D2D-4677-8A9D-7E02496E4F41}.Release|Any CPU.Build.0 = Release|Any CPU
		{6D4165A2-759E-475A-B634-9E3BEE25CD80}.Debug|Any CPU.ActiveCfg = Debug|Any CPU
		{6D4165A2-759E-475A-B634-9E3BEE25CD80}.Debug|Any CPU.Build.0 = Debug|Any CPU
		{6D4165A2-759E-475A-B634-9E3BEE25CD80}.Release|Any CPU.ActiveCfg = Release|Any CPU
		{6D4165A2-759E-475A-B634-9E3BEE25CD80}.Release|Any CPU.Build.0 = Release|Any CPU
	EndGlobalSection
EndGlobal
